
Microsoft Visual Studio Solution File, Format Version 12.00
# Visual Studio 14
VisualStudioVersion = 14.0.25420.1
MinimumVisualStudioVersion = 10.0.40219.1
Project("{FAE04EC0-301F-11D3-BF4B-00C04F79EFBC}") = "Emeocv_Sharp", "Emeocv_Sharp\Emeocv_Sharp.csproj", "{8ED63809-1654-4B1B-8F9F-C80F2C36CE46}"
EndProject
Project("{FAE04EC0-301F-11D3-BF4B-00C04F79EFBC}") = "test", "test\test.csproj", "{D1E1AA95-779C-461D-8D83-54DC9F87C186}"
EndProject
Global
	GlobalSection(SolutionConfigurationPlatforms) = preSolution
		Debug|Any CPU = Debug|Any CPU
		Release|Any CPU = Release|Any CPU
	EndGlobalSection
	GlobalSection(ProjectConfigurationPlatforms) = postSolution
		{8ED63809-1654-4B1B-8F9F-C80F2C36CE46}.Debug|Any CPU.ActiveCfg = Debug|Any CPU
		{8ED63809-1654-4B1B-8F9F-C80F2C36CE46}.Debug|Any CPU.Build.0 = Debug|Any CPU
		{8ED63809-1654-4B1B-8F9F-C80F2C36CE46}.Release|Any CPU.ActiveCfg = Release|Any CPU
		{8ED63809-1654-4B1B-8F9F-C80F2C36CE46}.Release|Any CPU.Build.0 = Release|Any CPU
		{D1E1AA95-779C-461D-8D83-54DC9F87C186}.Debug|Any CPU.ActiveCfg = Debug|Any CPU
		{D1E1AA95-779C-461D-8D83-54DC9F87C186}.Debug|Any CPU.Build.0 = Debug|Any CPU
		{D1E1AA95-779C-461D-8D83-54DC9F87C186}.Release|Any CPU.ActiveCfg = Release|Any CPU
		{D1E1AA95-779C-461D-8D83-54DC9F87C186}.Release|Any CPU.Build.0 = Release|Any CPU
	EndGlobalSection
	GlobalSection(SolutionProperties) = preSolution
		HideSolutionNode = FALSE
	EndGlobalSection
EndGlobal
